
Microsoft Visual Studio Solution File, Format Version 12.00
# Visual Studio Version 16
VisualStudioVersion = 16.0.32802.440
MinimumVisualStudioVersion = 10.0.40219.1
Project("{FAE04EC0-301F-11D3-BF4B-00C04F79EFBC}") = "Work from september 10.2022", "Work from september 10.2022\Work from september 10.2022.csproj", "{0C05A0CF-F7B6-4A26-AED9-5A19BDF1C4D4}"
EndProject
Project("{FAE04EC0-301F-11D3-BF4B-00C04F79EFBC}") = "HW from 10.09.2022", "HW from 10.09.2022\HW from 10.09.2022.csproj", "{45BFEF60-0B6F-40FE-ACDD-0FCB9E116A94}"
EndProject
Project("{FAE04EC0-301F-11D3-BF4B-00C04F79EFBC}") = "Провека работы 1", "Провека работы 1\Провека работы 1.csproj", "{9293BCCD-D084-454B-AD84-3FD6BF1E33A8}"
EndProject
Global
	GlobalSection(SolutionConfigurationPlatforms) = preSolution
		Debug|Any CPU = Debug|Any CPU
		Release|Any CPU = Release|Any CPU
	EndGlobalSection
	GlobalSection(ProjectConfigurationPlatforms) = postSolution
		{0C05A0CF-F7B6-4A26-AED9-5A19BDF1C4D4}.Debug|Any CPU.ActiveCfg = Debug|Any CPU
		{0C05A0CF-F7B6-4A26-AED9-5A19BDF1C4D4}.Debug|Any CPU.Build.0 = Debug|Any CPU
		{0C05A0CF-F7B6-4A26-AED9-5A19BDF1C4D4}.Release|Any CPU.ActiveCfg = Release|Any CPU
		{0C05A0CF-F7B6-4A26-AED9-5A19BDF1C4D4}.Release|Any CPU.Build.0 = Release|Any CPU
		{45BFEF60-0B6F-40FE-ACDD-0FCB9E116A94}.Debug|Any CPU.ActiveCfg = Debug|Any CPU
		{45BFEF60-0B6F-40FE-ACDD-0FCB9E116A94}.Debug|Any CPU.Build.0 = Debug|Any CPU
		{45BFEF60-0B6F-40FE-ACDD-0FCB9E116A94}.Release|Any CPU.ActiveCfg = Release|Any CPU
		{45BFEF60-0B6F-40FE-ACDD-0FCB9E116A94}.Release|Any CPU.Build.0 = Release|Any CPU
		{9293BCCD-D084-454B-AD84-3FD6BF1E33A8}.Debug|Any CPU.ActiveCfg = Debug|Any CPU
		{9293BCCD-D084-454B-AD84-3FD6BF1E33A8}.Debug|Any CPU.Build.0 = Debug|Any CPU
		{9293BCCD-D084-454B-AD84-3FD6BF1E33A8}.Release|Any CPU.ActiveCfg = Release|Any CPU
		{9293BCCD-D084-454B-AD84-3FD6BF1E33A8}.Release|Any CPU.Build.0 = Release|Any CPU
	EndGlobalSection
	GlobalSection(SolutionProperties) = preSolution
		HideSolutionNode = FALSE
	EndGlobalSection
	GlobalSection(ExtensibilityGlobals) = postSolution
		SolutionGuid = {ED5AE955-AAF1-4EB9-A3B4-518A7B6F6833}
	EndGlobalSection
EndGlobal
